// !$*UTF8*$!
{
	archiveVersion = 1;
	classes = {
	};
	objectVersion = 46;
	objects = {

/* Begin PBXBuildFile section */
		04F5B427452C5A069E3411D3 /* libPods-SwipesMac.a in Frameworks */ = {isa = PBXBuildFile; fileRef = 3C41917AFA306E1CFDF702E7 /* libPods-SwipesMac.a */; };
		A71FDD8F1A93B0EF008FA7FD /* AppDelegate.m in Sources */ = {isa = PBXBuildFile; fileRef = A71FDD8E1A93B0EF008FA7FD /* AppDelegate.m */; };
		A71FDD911A93B0EF008FA7FD /* main.m in Sources */ = {isa = PBXBuildFile; fileRef = A71FDD901A93B0EF008FA7FD /* main.m */; };
		A71FDD931A93B0EF008FA7FD /* Images.xcassets in Resources */ = {isa = PBXBuildFile; fileRef = A71FDD921A93B0EF008FA7FD /* Images.xcassets */; };
		A71FDD961A93B0EF008FA7FD /* MainMenu.xib in Resources */ = {isa = PBXBuildFile; fileRef = A71FDD941A93B0EF008FA7FD /* MainMenu.xib */; };
		A71FDDA21A93B0EF008FA7FD /* SwipesMacTests.m in Sources */ = {isa = PBXBuildFile; fileRef = A71FDDA11A93B0EF008FA7FD /* SwipesMacTests.m */; };
		A71FDDBB1A93B149008FA7FD /* BackgroundView.m in Sources */ = {isa = PBXBuildFile; fileRef = A71FDDAD1A93B149008FA7FD /* BackgroundView.m */; };
		A71FDDBC1A93B149008FA7FD /* MenubarController.m in Sources */ = {isa = PBXBuildFile; fileRef = A71FDDAF1A93B149008FA7FD /* MenubarController.m */; };
		A71FDDBD1A93B149008FA7FD /* Panel.m in Sources */ = {isa = PBXBuildFile; fileRef = A71FDDB11A93B149008FA7FD /* Panel.m */; };
		A71FDDBE1A93B149008FA7FD /* Panel.xib in Resources */ = {isa = PBXBuildFile; fileRef = A71FDDB21A93B149008FA7FD /* Panel.xib */; };
		A71FDDBF1A93B149008FA7FD /* PanelController.m in Sources */ = {isa = PBXBuildFile; fileRef = A71FDDB41A93B149008FA7FD /* PanelController.m */; };
		A71FDDC01A93B149008FA7FD /* Status.png in Resources */ = {isa = PBXBuildFile; fileRef = A71FDDB51A93B149008FA7FD /* Status.png */; };
		A71FDDC11A93B149008FA7FD /* Status@2x.png in Resources */ = {isa = PBXBuildFile; fileRef = A71FDDB61A93B149008FA7FD /* Status@2x.png */; };
		A71FDDC21A93B149008FA7FD /* StatusHighlighted.png in Resources */ = {isa = PBXBuildFile; fileRef = A71FDDB71A93B149008FA7FD /* StatusHighlighted.png */; };
		A71FDDC31A93B149008FA7FD /* StatusHighlighted@2x.png in Resources */ = {isa = PBXBuildFile; fileRef = A71FDDB81A93B149008FA7FD /* StatusHighlighted@2x.png */; };
		A71FDDC41A93B149008FA7FD /* StatusItemView.m in Sources */ = {isa = PBXBuildFile; fileRef = A71FDDBA1A93B149008FA7FD /* StatusItemView.m */; };
		A71FDDCC1A93B360008FA7FD /* swipes-notification.aiff in Resources */ = {isa = PBXBuildFile; fileRef = A71FDDCB1A93B360008FA7FD /* swipes-notification.aiff */; };
/* End PBXBuildFile section */

/* Begin PBXContainerItemProxy section */
		A71FDD9C1A93B0EF008FA7FD /* PBXContainerItemProxy */ = {
			isa = PBXContainerItemProxy;
			containerPortal = A71FDD801A93B0EF008FA7FD /* Project object */;
			proxyType = 1;
			remoteGlobalIDString = A71FDD871A93B0EF008FA7FD;
			remoteInfo = SwipesMac;
		};
/* End PBXContainerItemProxy section */

/* Begin PBXFileReference section */
		3C41917AFA306E1CFDF702E7 /* libPods-SwipesMac.a */ = {isa = PBXFileReference; explicitFileType = archive.ar; includeInIndex = 0; path = "libPods-SwipesMac.a"; sourceTree = BUILT_PRODUCTS_DIR; };
		A71FDD881A93B0EF008FA7FD /* SwipesMac.app */ = {isa = PBXFileReference; explicitFileType = wrapper.application; includeInIndex = 0; path = SwipesMac.app; sourceTree = BUILT_PRODUCTS_DIR; };
		A71FDD8C1A93B0EF008FA7FD /* Info.plist */ = {isa = PBXFileReference; lastKnownFileType = text.plist.xml; path = Info.plist; sourceTree = "<group>"; };
		A71FDD8D1A93B0EF008FA7FD /* AppDelegate.h */ = {isa = PBXFileReference; lastKnownFileType = sourcecode.c.h; path = AppDelegate.h; sourceTree = "<group>"; };
		A71FDD8E1A93B0EF008FA7FD /* AppDelegate.m */ = {isa = PBXFileReference; lastKnownFileType = sourcecode.c.objc; path = AppDelegate.m; sourceTree = "<group>"; };
		A71FDD901A93B0EF008FA7FD /* main.m */ = {isa = PBXFileReference; lastKnownFileType = sourcecode.c.objc; path = main.m; sourceTree = "<group>"; };
		A71FDD921A93B0EF008FA7FD /* Images.xcassets */ = {isa = PBXFileReference; lastKnownFileType = folder.assetcatalog; path = Images.xcassets; sourceTree = "<group>"; };
		A71FDD951A93B0EF008FA7FD /* Base */ = {isa = PBXFileReference; lastKnownFileType = file.xib; name = Base; path = Base.lproj/MainMenu.xib; sourceTree = "<group>"; };
		A71FDD9B1A93B0EF008FA7FD /* SwipesMacTests.xctest */ = {isa = PBXFileReference; explicitFileType = wrapper.cfbundle; includeInIndex = 0; path = SwipesMacTests.xctest; sourceTree = BUILT_PRODUCTS_DIR; };
		A71FDDA01A93B0EF008FA7FD /* Info.plist */ = {isa = PBXFileReference; lastKnownFileType = text.plist.xml; path = Info.plist; sourceTree = "<group>"; };
		A71FDDA11A93B0EF008FA7FD /* SwipesMacTests.m */ = {isa = PBXFileReference; lastKnownFileType = sourcecode.c.objc; path = SwipesMacTests.m; sourceTree = "<group>"; };
		A71FDDAC1A93B149008FA7FD /* BackgroundView.h */ = {isa = PBXFileReference; fileEncoding = 4; lastKnownFileType = sourcecode.c.h; path = BackgroundView.h; sourceTree = "<group>"; };
		A71FDDAD1A93B149008FA7FD /* BackgroundView.m */ = {isa = PBXFileReference; fileEncoding = 4; lastKnownFileType = sourcecode.c.objc; path = BackgroundView.m; sourceTree = "<group>"; };
		A71FDDAE1A93B149008FA7FD /* MenubarController.h */ = {isa = PBXFileReference; fileEncoding = 4; lastKnownFileType = sourcecode.c.h; path = MenubarController.h; sourceTree = "<group>"; };
		A71FDDAF1A93B149008FA7FD /* MenubarController.m */ = {isa = PBXFileReference; fileEncoding = 4; lastKnownFileType = sourcecode.c.objc; path = MenubarController.m; sourceTree = "<group>"; };
		A71FDDB01A93B149008FA7FD /* Panel.h */ = {isa = PBXFileReference; fileEncoding = 4; lastKnownFileType = sourcecode.c.h; path = Panel.h; sourceTree = "<group>"; };
		A71FDDB11A93B149008FA7FD /* Panel.m */ = {isa = PBXFileReference; fileEncoding = 4; lastKnownFileType = sourcecode.c.objc; path = Panel.m; sourceTree = "<group>"; };
		A71FDDB21A93B149008FA7FD /* Panel.xib */ = {isa = PBXFileReference; fileEncoding = 4; lastKnownFileType = file.xib; path = Panel.xib; sourceTree = "<group>"; };
		A71FDDB31A93B149008FA7FD /* PanelController.h */ = {isa = PBXFileReference; fileEncoding = 4; lastKnownFileType = sourcecode.c.h; path = PanelController.h; sourceTree = "<group>"; };
		A71FDDB41A93B149008FA7FD /* PanelController.m */ = {isa = PBXFileReference; fileEncoding = 4; lastKnownFileType = sourcecode.c.objc; path = PanelController.m; sourceTree = "<group>"; };
		A71FDDB51A93B149008FA7FD /* Status.png */ = {isa = PBXFileReference; lastKnownFileType = image.png; path = Status.png; sourceTree = "<group>"; };
		A71FDDB61A93B149008FA7FD /* Status@2x.png */ = {isa = PBXFileReference; lastKnownFileType = image.png; path = "Status@2x.png"; sourceTree = "<group>"; };
		A71FDDB71A93B149008FA7FD /* StatusHighlighted.png */ = {isa = PBXFileReference; lastKnownFileType = image.png; path = StatusHighlighted.png; sourceTree = "<group>"; };
		A71FDDB81A93B149008FA7FD /* StatusHighlighted@2x.png */ = {isa = PBXFileReference; lastKnownFileType = image.png; path = "StatusHighlighted@2x.png"; sourceTree = "<group>"; };
		A71FDDB91A93B149008FA7FD /* StatusItemView.h */ = {isa = PBXFileReference; fileEncoding = 4; lastKnownFileType = sourcecode.c.h; path = StatusItemView.h; sourceTree = "<group>"; };
		A71FDDBA1A93B149008FA7FD /* StatusItemView.m */ = {isa = PBXFileReference; fileEncoding = 4; lastKnownFileType = sourcecode.c.objc; path = StatusItemView.m; sourceTree = "<group>"; };
		A71FDDCB1A93B360008FA7FD /* swipes-notification.aiff */ = {isa = PBXFileReference; lastKnownFileType = audio.aiff; path = "swipes-notification.aiff"; sourceTree = "<group>"; };
		D3953912DBA5109FBD2A0CA5 /* Pods-SwipesMac.debug.xcconfig */ = {isa = PBXFileReference; includeInIndex = 1; lastKnownFileType = text.xcconfig; name = "Pods-SwipesMac.debug.xcconfig"; path = "Pods/Target Support Files/Pods-SwipesMac/Pods-SwipesMac.debug.xcconfig"; sourceTree = "<group>"; };
		D5A89C052EFA0132F2D9EDBC /* Pods-SwipesMac.release.xcconfig */ = {isa = PBXFileReference; includeInIndex = 1; lastKnownFileType = text.xcconfig; name = "Pods-SwipesMac.release.xcconfig"; path = "Pods/Target Support Files/Pods-SwipesMac/Pods-SwipesMac.release.xcconfig"; sourceTree = "<group>"; };
/* End PBXFileReference section */

/* Begin PBXFrameworksBuildPhase section */
		A71FDD851A93B0EF008FA7FD /* Frameworks */ = {
			isa = PBXFrameworksBuildPhase;
			buildActionMask = 2147483647;
			files = (
				04F5B427452C5A069E3411D3 /* libPods-SwipesMac.a in Frameworks */,
			);
			runOnlyForDeploymentPostprocessing = 0;
		};
		A71FDD981A93B0EF008FA7FD /* Frameworks */ = {
			isa = PBXFrameworksBuildPhase;
			buildActionMask = 2147483647;
			files = (
			);
			runOnlyForDeploymentPostprocessing = 0;
		};
/* End PBXFrameworksBuildPhase section */

/* Begin PBXGroup section */
		1D1E7465C9DF1B9EBADBEC21 /* Pods */ = {
			isa = PBXGroup;
			children = (
				D3953912DBA5109FBD2A0CA5 /* Pods-SwipesMac.debug.xcconfig */,
				D5A89C052EFA0132F2D9EDBC /* Pods-SwipesMac.release.xcconfig */,
			);
			name = Pods;
			sourceTree = "<group>";
		};
		6F7BE252561BFFE346955A51 /* Frameworks */ = {
			isa = PBXGroup;
			children = (
				3C41917AFA306E1CFDF702E7 /* libPods-SwipesMac.a */,
			);
			name = Frameworks;
			sourceTree = "<group>";
		};
		A71FDD7F1A93B0EF008FA7FD = {
			isa = PBXGroup;
			children = (
				A71FDD8A1A93B0EF008FA7FD /* SwipesMac */,
				A71FDD9E1A93B0EF008FA7FD /* SwipesMacTests */,
				A71FDD891A93B0EF008FA7FD /* Products */,
				1D1E7465C9DF1B9EBADBEC21 /* Pods */,
				6F7BE252561BFFE346955A51 /* Frameworks */,
			);
			sourceTree = "<group>";
		};
		A71FDD891A93B0EF008FA7FD /* Products */ = {
			isa = PBXGroup;
			children = (
				A71FDD881A93B0EF008FA7FD /* SwipesMac.app */,
				A71FDD9B1A93B0EF008FA7FD /* SwipesMacTests.xctest */,
			);
			name = Products;
			sourceTree = "<group>";
		};
		A71FDD8A1A93B0EF008FA7FD /* SwipesMac */ = {
			isa = PBXGroup;
			children = (
				A71FDDCB1A93B360008FA7FD /* swipes-notification.aiff */,
				A71FDDAB1A93B149008FA7FD /* AddPanel */,
				A71FDD8D1A93B0EF008FA7FD /* AppDelegate.h */,
				A71FDD8E1A93B0EF008FA7FD /* AppDelegate.m */,
				A71FDD921A93B0EF008FA7FD /* Images.xcassets */,
				A71FDD941A93B0EF008FA7FD /* MainMenu.xib */,
				A71FDD8B1A93B0EF008FA7FD /* Supporting Files */,
			);
			path = SwipesMac;
			sourceTree = "<group>";
		};
		A71FDD8B1A93B0EF008FA7FD /* Supporting Files */ = {
			isa = PBXGroup;
			children = (
				A71FDD8C1A93B0EF008FA7FD /* Info.plist */,
				A71FDD901A93B0EF008FA7FD /* main.m */,
			);
			name = "Supporting Files";
			sourceTree = "<group>";
		};
		A71FDD9E1A93B0EF008FA7FD /* SwipesMacTests */ = {
			isa = PBXGroup;
			children = (
				A71FDDA11A93B0EF008FA7FD /* SwipesMacTests.m */,
				A71FDD9F1A93B0EF008FA7FD /* Supporting Files */,
			);
			path = SwipesMacTests;
			sourceTree = "<group>";
		};
		A71FDD9F1A93B0EF008FA7FD /* Supporting Files */ = {
			isa = PBXGroup;
			children = (
				A71FDDA01A93B0EF008FA7FD /* Info.plist */,
			);
			name = "Supporting Files";
			sourceTree = "<group>";
		};
		A71FDDAB1A93B149008FA7FD /* AddPanel */ = {
			isa = PBXGroup;
			children = (
				A71FDDAC1A93B149008FA7FD /* BackgroundView.h */,
				A71FDDAD1A93B149008FA7FD /* BackgroundView.m */,
				A71FDDAE1A93B149008FA7FD /* MenubarController.h */,
				A71FDDAF1A93B149008FA7FD /* MenubarController.m */,
				A71FDDB01A93B149008FA7FD /* Panel.h */,
				A71FDDB11A93B149008FA7FD /* Panel.m */,
				A71FDDB21A93B149008FA7FD /* Panel.xib */,
				A71FDDB31A93B149008FA7FD /* PanelController.h */,
				A71FDDB41A93B149008FA7FD /* PanelController.m */,
				A71FDDB51A93B149008FA7FD /* Status.png */,
				A71FDDB61A93B149008FA7FD /* Status@2x.png */,
				A71FDDB71A93B149008FA7FD /* StatusHighlighted.png */,
				A71FDDB81A93B149008FA7FD /* StatusHighlighted@2x.png */,
				A71FDDB91A93B149008FA7FD /* StatusItemView.h */,
				A71FDDBA1A93B149008FA7FD /* StatusItemView.m */,
			);
			path = AddPanel;
			sourceTree = "<group>";
		};
/* End PBXGroup section */

/* Begin PBXNativeTarget section */
		A71FDD871A93B0EF008FA7FD /* SwipesMac */ = {
			isa = PBXNativeTarget;
			buildConfigurationList = A71FDDA51A93B0EF008FA7FD /* Build configuration list for PBXNativeTarget "SwipesMac" */;
			buildPhases = (
				C3DF204CAD78F079D89D0B5C /* Check Pods Manifest.lock */,
				A71FDD841A93B0EF008FA7FD /* Sources */,
				A71FDD851A93B0EF008FA7FD /* Frameworks */,
				A71FDD861A93B0EF008FA7FD /* Resources */,
				E7A5D5B7F9233514BEC3AF20 /* Copy Pods Resources */,
			);
			buildRules = (
			);
			dependencies = (
			);
			name = SwipesMac;
			productName = SwipesMac;
			productReference = A71FDD881A93B0EF008FA7FD /* SwipesMac.app */;
			productType = "com.apple.product-type.application";
		};
		A71FDD9A1A93B0EF008FA7FD /* SwipesMacTests */ = {
			isa = PBXNativeTarget;
			buildConfigurationList = A71FDDA81A93B0EF008FA7FD /* Build configuration list for PBXNativeTarget "SwipesMacTests" */;
			buildPhases = (
				A71FDD971A93B0EF008FA7FD /* Sources */,
				A71FDD981A93B0EF008FA7FD /* Frameworks */,
				A71FDD991A93B0EF008FA7FD /* Resources */,
			);
			buildRules = (
			);
			dependencies = (
				A71FDD9D1A93B0EF008FA7FD /* PBXTargetDependency */,
			);
			name = SwipesMacTests;
			productName = SwipesMacTests;
			productReference = A71FDD9B1A93B0EF008FA7FD /* SwipesMacTests.xctest */;
			productType = "com.apple.product-type.bundle.unit-test";
		};
/* End PBXNativeTarget section */

/* Begin PBXProject section */
		A71FDD801A93B0EF008FA7FD /* Project object */ = {
			isa = PBXProject;
			attributes = {
				LastUpgradeCheck = 0610;
				ORGANIZATIONNAME = "Swipes ApS";
				TargetAttributes = {
					A71FDD871A93B0EF008FA7FD = {
						CreatedOnToolsVersion = 6.1.1;
					};
					A71FDD9A1A93B0EF008FA7FD = {
						CreatedOnToolsVersion = 6.1.1;
						TestTargetID = A71FDD871A93B0EF008FA7FD;
					};
				};
			};
			buildConfigurationList = A71FDD831A93B0EF008FA7FD /* Build configuration list for PBXProject "SwipesMac" */;
			compatibilityVersion = "Xcode 3.2";
			developmentRegion = English;
			hasScannedForEncodings = 0;
			knownRegions = (
				en,
				Base,
			);
			mainGroup = A71FDD7F1A93B0EF008FA7FD;
			productRefGroup = A71FDD891A93B0EF008FA7FD /* Products */;
			projectDirPath = "";
			projectRoot = "";
			targets = (
				A71FDD871A93B0EF008FA7FD /* SwipesMac */,
				A71FDD9A1A93B0EF008FA7FD /* SwipesMacTests */,
			);
		};
/* End PBXProject section */

/* Begin PBXResourcesBuildPhase section */
		A71FDD861A93B0EF008FA7FD /* Resources */ = {
			isa = PBXResourcesBuildPhase;
			buildActionMask = 2147483647;
			files = (
				A71FDDBE1A93B149008FA7FD /* Panel.xib in Resources */,
				A71FDDC31A93B149008FA7FD /* StatusHighlighted@2x.png in Resources */,
				A71FDDC11A93B149008FA7FD /* Status@2x.png in Resources */,
				A71FDDCC1A93B360008FA7FD /* swipes-notification.aiff in Resources */,
				A71FDDC01A93B149008FA7FD /* Status.png in Resources */,
				A71FDDC21A93B149008FA7FD /* StatusHighlighted.png in Resources */,
				A71FDD931A93B0EF008FA7FD /* Images.xcassets in Resources */,
				A71FDD961A93B0EF008FA7FD /* MainMenu.xib in Resources */,
			);
			runOnlyForDeploymentPostprocessing = 0;
		};
		A71FDD991A93B0EF008FA7FD /* Resources */ = {
			isa = PBXResourcesBuildPhase;
			buildActionMask = 2147483647;
			files = (
			);
			runOnlyForDeploymentPostprocessing = 0;
		};
/* End PBXResourcesBuildPhase section */

/* Begin PBXShellScriptBuildPhase section */
		C3DF204CAD78F079D89D0B5C /* Check Pods Manifest.lock */ = {
			isa = PBXShellScriptBuildPhase;
			buildActionMask = 2147483647;
			files = (
			);
			inputPaths = (
			);
			name = "Check Pods Manifest.lock";
			outputPaths = (
			);
			runOnlyForDeploymentPostprocessing = 0;
			shellPath = /bin/sh;
			shellScript = "diff \"${PODS_ROOT}/../Podfile.lock\" \"${PODS_ROOT}/Manifest.lock\" > /dev/null\nif [[ $? != 0 ]] ; then\n    cat << EOM\nerror: The sandbox is not in sync with the Podfile.lock. Run 'pod install' or update your CocoaPods installation.\nEOM\n    exit 1\nfi\n";
			showEnvVarsInLog = 0;
		};
		E7A5D5B7F9233514BEC3AF20 /* Copy Pods Resources */ = {
			isa = PBXShellScriptBuildPhase;
			buildActionMask = 2147483647;
			files = (
			);
			inputPaths = (
			);
			name = "Copy Pods Resources";
			outputPaths = (
			);
			runOnlyForDeploymentPostprocessing = 0;
			shellPath = /bin/sh;
			shellScript = "\"${SRCROOT}/Pods/Target Support Files/Pods-SwipesMac/Pods-SwipesMac-resources.sh\"\n";
			showEnvVarsInLog = 0;
		};
/* End PBXShellScriptBuildPhase section */

/* Begin PBXSourcesBuildPhase section */
		A71FDD841A93B0EF008FA7FD /* Sources */ = {
			isa = PBXSourcesBuildPhase;
			buildActionMask = 2147483647;
			files = (
				A71FDDBD1A93B149008FA7FD /* Panel.m in Sources */,
				A71FDDBC1A93B149008FA7FD /* MenubarController.m in Sources */,
				A71FDDBF1A93B149008FA7FD /* PanelController.m in Sources */,
				A71FDDC41A93B149008FA7FD /* StatusItemView.m in Sources */,
				A71FDD911A93B0EF008FA7FD /* main.m in Sources */,
				A71FDD8F1A93B0EF008FA7FD /* AppDelegate.m in Sources */,
				A71FDDBB1A93B149008FA7FD /* BackgroundView.m in Sources */,
			);
			runOnlyForDeploymentPostprocessing = 0;
		};
		A71FDD971A93B0EF008FA7FD /* Sources */ = {
			isa = PBXSourcesBuildPhase;
			buildActionMask = 2147483647;
			files = (
				A71FDDA21A93B0EF008FA7FD /* SwipesMacTests.m in Sources */,
			);
			runOnlyForDeploymentPostprocessing = 0;
		};
/* End PBXSourcesBuildPhase section */

/* Begin PBXTargetDependency section */
		A71FDD9D1A93B0EF008FA7FD /* PBXTargetDependency */ = {
			isa = PBXTargetDependency;
			target = A71FDD871A93B0EF008FA7FD /* SwipesMac */;
			targetProxy = A71FDD9C1A93B0EF008FA7FD /* PBXContainerItemProxy */;
		};
/* End PBXTargetDependency section */

/* Begin PBXVariantGroup section */
		A71FDD941A93B0EF008FA7FD /* MainMenu.xib */ = {
			isa = PBXVariantGroup;
			children = (
				A71FDD951A93B0EF008FA7FD /* Base */,
			);
			name = MainMenu.xib;
			sourceTree = "<group>";
		};
/* End PBXVariantGroup section */

/* Begin XCBuildConfiguration section */
		A71FDDA31A93B0EF008FA7FD /* Debug */ = {
			isa = XCBuildConfiguration;
			buildSettings = {
				ALWAYS_SEARCH_USER_PATHS = NO;
				CLANG_CXX_LANGUAGE_STANDARD = "gnu++0x";
				CLANG_CXX_LIBRARY = "libc++";
				CLANG_ENABLE_MODULES = YES;
				CLANG_ENABLE_OBJC_ARC = YES;
				CLANG_WARN_BOOL_CONVERSION = YES;
				CLANG_WARN_CONSTANT_CONVERSION = YES;
				CLANG_WARN_DIRECT_OBJC_ISA_USAGE = YES_ERROR;
				CLANG_WARN_EMPTY_BODY = YES;
				CLANG_WARN_ENUM_CONVERSION = YES;
				CLANG_WARN_INT_CONVERSION = YES;
				CLANG_WARN_OBJC_ROOT_CLASS = YES_ERROR;
				CLANG_WARN_UNREACHABLE_CODE = YES;
				CLANG_WARN__DUPLICATE_METHOD_MATCH = YES;
				CODE_SIGN_IDENTITY = "-";
				COPY_PHASE_STRIP = NO;
				ENABLE_STRICT_OBJC_MSGSEND = YES;
				GCC_C_LANGUAGE_STANDARD = gnu99;
				GCC_DYNAMIC_NO_PIC = NO;
				GCC_OPTIMIZATION_LEVEL = 0;
				GCC_PREPROCESSOR_DEFINITIONS = (
					"DEBUG=1",
					"$(inherited)",
				);
				GCC_SYMBOLS_PRIVATE_EXTERN = NO;
				GCC_WARN_64_TO_32_BIT_CONVERSION = YES;
				GCC_WARN_ABOUT_RETURN_TYPE = YES_ERROR;
				GCC_WARN_UNDECLARED_SELECTOR = YES;
				GCC_WARN_UNINITIALIZED_AUTOS = YES_AGGRESSIVE;
				GCC_WARN_UNUSED_FUNCTION = YES;
				GCC_WARN_UNUSED_VARIABLE = YES;
				MACOSX_DEPLOYMENT_TARGET = 10.10;
				MTL_ENABLE_DEBUG_INFO = YES;
				ONLY_ACTIVE_ARCH = YES;
				SDKROOT = macosx;
			};
			name = Debug;
		};
		A71FDDA41A93B0EF008FA7FD /* Release */ = {
			isa = XCBuildConfiguration;
			buildSettings = {
				ALWAYS_SEARCH_USER_PATHS = NO;
				CLANG_CXX_LANGUAGE_STANDARD = "gnu++0x";
				CLANG_CXX_LIBRARY = "libc++";
				CLANG_ENABLE_MODULES = YES;
				CLANG_ENABLE_OBJC_ARC = YES;
				CLANG_WARN_BOOL_CONVERSION = YES;
				CLANG_WARN_CONSTANT_CONVERSION = YES;
				CLANG_WARN_DIRECT_OBJC_ISA_USAGE = YES_ERROR;
				CLANG_WARN_EMPTY_BODY = YES;
				CLANG_WARN_ENUM_CONVERSION = YES;
				CLANG_WARN_INT_CONVERSION = YES;
				CLANG_WARN_OBJC_ROOT_CLASS = YES_ERROR;
				CLANG_WARN_UNREACHABLE_CODE = YES;
				CLANG_WARN__DUPLICATE_METHOD_MATCH = YES;
				CODE_SIGN_IDENTITY = "-";
				COPY_PHASE_STRIP = YES;
				DEBUG_INFORMATION_FORMAT = "dwarf-with-dsym";
				ENABLE_NS_ASSERTIONS = NO;
				ENABLE_STRICT_OBJC_MSGSEND = YES;
				GCC_C_LANGUAGE_STANDARD = gnu99;
				GCC_WARN_64_TO_32_BIT_CONVERSION = YES;
				GCC_WARN_ABOUT_RETURN_TYPE = YES_ERROR;
				GCC_WARN_UNDECLARED_SELECTOR = YES;
				GCC_WARN_UNINITIALIZED_AUTOS = YES_AGGRESSIVE;
				GCC_WARN_UNUSED_FUNCTION = YES;
				GCC_WARN_UNUSED_VARIABLE = YES;
				MACOSX_DEPLOYMENT_TARGET = 10.10;
				MTL_ENABLE_DEBUG_INFO = NO;
				SDKROOT = macosx;
			};
			name = Release;
		};
		A71FDDA61A93B0EF008FA7FD /* Debug */ = {
			isa = XCBuildConfiguration;
			baseConfigurationReference = D3953912DBA5109FBD2A0CA5 /* Pods-SwipesMac.debug.xcconfig */;
			buildSettings = {
				ASSETCATALOG_COMPILER_APPICON_NAME = AppIcon;
				COMBINE_HIDPI_IMAGES = YES;
				INFOPLIST_FILE = SwipesMac/Info.plist;
				LD_RUNPATH_SEARCH_PATHS = "$(inherited) @executable_path/../Frameworks";
				PRODUCT_NAME = "$(TARGET_NAME)";
			};
			name = Debug;
		};
		A71FDDA71A93B0EF008FA7FD /* Release */ = {
			isa = XCBuildConfiguration;
			baseConfigurationReference = D5A89C052EFA0132F2D9EDBC /* Pods-SwipesMac.release.xcconfig */;
			buildSettings = {
				ASSETCATALOG_COMPILER_APPICON_NAME = AppIcon;
				COMBINE_HIDPI_IMAGES = YES;
				INFOPLIST_FILE = SwipesMac/Info.plist;
				LD_RUNPATH_SEARCH_PATHS = "$(inherited) @executable_path/../Frameworks";
				PRODUCT_NAME = "$(TARGET_NAME)";
			};
			name = Release;
		};
		A71FDDA91A93B0EF008FA7FD /* Debug */ = {
			isa = XCBuildConfiguration;
			buildSettings = {
				BUNDLE_LOADER = "$(TEST_HOST)";
				COMBINE_HIDPI_IMAGES = YES;
				FRAMEWORK_SEARCH_PATHS = (
					"$(DEVELOPER_FRAMEWORKS_DIR)",
					"$(inherited)",
				);
				GCC_PREPROCESSOR_DEFINITIONS = (
					"DEBUG=1",
					"$(inherited)",
				);
				INFOPLIST_FILE = SwipesMacTests/Info.plist;
				LD_RUNPATH_SEARCH_PATHS = "$(inherited) @executable_path/../Frameworks @loader_path/../Frameworks";
				PRODUCT_NAME = "$(TARGET_NAME)";
				TEST_HOST = "$(BUILT_PRODUCTS_DIR)/SwipesMac.app/Contents/MacOS/SwipesMac";
			};
			name = Debug;
		};
		A71FDDAA1A93B0EF008FA7FD /* Release */ = {
			isa = XCBuildConfiguration;
			buildSettings = {
				BUNDLE_LOADER = "$(TEST_HOST)";
				COMBINE_HIDPI_IMAGES = YES;
				FRAMEWORK_SEARCH_PATHS = (
					"$(DEVELOPER_FRAMEWORKS_DIR)",
					"$(inherited)",
				);
				INFOPLIST_FILE = SwipesMacTests/Info.plist;
				LD_RUNPATH_SEARCH_PATHS = "$(inherited) @executable_path/../Frameworks @loader_path/../Frameworks";
				PRODUCT_NAME = "$(TARGET_NAME)";
				TEST_HOST = "$(BUILT_PRODUCTS_DIR)/SwipesMac.app/Contents/MacOS/SwipesMac";
			};
			name = Release;
		};
/* End XCBuildConfiguration section */

/* Begin XCConfigurationList section */
		A71FDD831A93B0EF008FA7FD /* Build configuration list for PBXProject "SwipesMac" */ = {
			isa = XCConfigurationList;
			buildConfigurations = (
				A71FDDA31A93B0EF008FA7FD /* Debug */,
				A71FDDA41A93B0EF008FA7FD /* Release */,
			);
			defaultConfigurationIsVisible = 0;
			defaultConfigurationName = Release;
		};
		A71FDDA51A93B0EF008FA7FD /* Build configuration list for PBXNativeTarget "SwipesMac" */ = {
			isa = XCConfigurationList;
			buildConfigurations = (
				A71FDDA61A93B0EF008FA7FD /* Debug */,
				A71FDDA71A93B0EF008FA7FD /* Release */,
			);
			defaultConfigurationIsVisible = 0;
			defaultConfigurationName = Release;
		};
		A71FDDA81A93B0EF008FA7FD /* Build configuration list for PBXNativeTarget "SwipesMacTests" */ = {
			isa = XCConfigurationList;
			buildConfigurations = (
				A71FDDA91A93B0EF008FA7FD /* Debug */,
				A71FDDAA1A93B0EF008FA7FD /* Release */,
			);
			defaultConfigurationIsVisible = 0;
			defaultConfigurationName = Release;
		};
/* End XCConfigurationList section */
	};
	rootObject = A71FDD801A93B0EF008FA7FD /* Project object */;
}
