// !$*UTF8*$!
{
	archiveVersion = 1;
	classes = {
	};
	objectVersion = 46;
	objects = {

/* Begin PBXBuildFile section */
		A71FDD8F1A93B0EF008FA7FD /* AppDelegate.m in Sources */ = {isa = PBXBuildFile; fileRef = A71FDD8E1A93B0EF008FA7FD /* AppDelegate.m */; };
		A71FDD911A93B0EF008FA7FD /* main.m in Sources */ = {isa = PBXBuildFile; fileRef = A71FDD901A93B0EF008FA7FD /* main.m */; };
		A71FDD931A93B0EF008FA7FD /* Images.xcassets in Resources */ = {isa = PBXBuildFile; fileRef = A71FDD921A93B0EF008FA7FD /* Images.xcassets */; };
		A71FDD961A93B0EF008FA7FD /* MainMenu.xib in Resources */ = {isa = PBXBuildFile; fileRef = A71FDD941A93B0EF008FA7FD /* MainMenu.xib */; };
		A71FDDCC1A93B360008FA7FD /* swipes-notification.aiff in Resources */ = {isa = PBXBuildFile; fileRef = A71FDDCB1A93B360008FA7FD /* swipes-notification.aiff */; };
		A734FCD11B2FECDE00C78834 /* AuthWindowController.m in Sources */ = {isa = PBXBuildFile; fileRef = A734FCCF1B2FECDE00C78834 /* AuthWindowController.m */; };
		A734FCD21B2FECDE00C78834 /* AuthWindowController.xib in Resources */ = {isa = PBXBuildFile; fileRef = A734FCD01B2FECDE00C78834 /* AuthWindowController.xib */; };
		A75D79FB1A94BE6A00846ADB /* swipes-priority.aiff in Resources */ = {isa = PBXBuildFile; fileRef = A75D79FA1A94BE6A00846ADB /* swipes-priority.aiff */; };
		A7908C4F1B5D5E9300E0F300 /* StatusTemplate.png in Resources */ = {isa = PBXBuildFile; fileRef = A7908C4D1B5D5E9300E0F300 /* StatusTemplate.png */; };
		A7908C501B5D5E9300E0F300 /* StatusTemplate@2x.png in Resources */ = {isa = PBXBuildFile; fileRef = A7908C4E1B5D5E9300E0F300 /* StatusTemplate@2x.png */; };
		A798D6EF1A95020300BF5D22 /* BackgroundView.m in Sources */ = {isa = PBXBuildFile; fileRef = A798D6E11A95020300BF5D22 /* BackgroundView.m */; };
		A798D6F01A95020300BF5D22 /* MenubarController.m in Sources */ = {isa = PBXBuildFile; fileRef = A798D6E31A95020300BF5D22 /* MenubarController.m */; };
		A798D6F11A95020300BF5D22 /* Panel.m in Sources */ = {isa = PBXBuildFile; fileRef = A798D6E51A95020300BF5D22 /* Panel.m */; };
		A798D6F21A95020300BF5D22 /* Panel.xib in Resources */ = {isa = PBXBuildFile; fileRef = A798D6E61A95020300BF5D22 /* Panel.xib */; };
		A798D6F31A95020300BF5D22 /* PanelController.m in Sources */ = {isa = PBXBuildFile; fileRef = A798D6E81A95020300BF5D22 /* PanelController.m */; };
		A798D6F41A95020300BF5D22 /* Status.png in Resources */ = {isa = PBXBuildFile; fileRef = A798D6E91A95020300BF5D22 /* Status.png */; };
		A798D6F51A95020300BF5D22 /* Status@2x.png in Resources */ = {isa = PBXBuildFile; fileRef = A798D6EA1A95020300BF5D22 /* Status@2x.png */; };
		A798D6F61A95020300BF5D22 /* StatusHighlighted.png in Resources */ = {isa = PBXBuildFile; fileRef = A798D6EB1A95020300BF5D22 /* StatusHighlighted.png */; };
		A798D6F71A95020300BF5D22 /* StatusHighlighted@2x.png in Resources */ = {isa = PBXBuildFile; fileRef = A798D6EC1A95020300BF5D22 /* StatusHighlighted@2x.png */; };
		A798D6F81A95020300BF5D22 /* StatusItemView.m in Sources */ = {isa = PBXBuildFile; fileRef = A798D6EE1A95020300BF5D22 /* StatusItemView.m */; };
		A7A3CAEA1ACC089000FC1A53 /* Cocoa.framework in Frameworks */ = {isa = PBXBuildFile; fileRef = A7A3CAE91ACC089000FC1A53 /* Cocoa.framework */; };
		A7A3CAEB1ACC095200FC1A53 /* Carbon.framework in Frameworks */ = {isa = PBXBuildFile; fileRef = A7160C681A95E93D0071409C /* Carbon.framework */; };
		A7CF37811AB05D920030C7B4 /* CustomWebView.m in Sources */ = {isa = PBXBuildFile; fileRef = A7CF37801AB05D920030C7B4 /* CustomWebView.m */; };
		D9508CB5A678B4D9B6132AFE /* libPods-Swipes.a in Frameworks */ = {isa = PBXBuildFile; fileRef = 57DA7785E7D1C0DE8B3A6ADA /* libPods-Swipes.a */; };
/* End PBXBuildFile section */

/* Begin PBXFileReference section */
		33C21030267C27494EB518A2 /* Pods-Swipes.debug.xcconfig */ = {isa = PBXFileReference; includeInIndex = 1; lastKnownFileType = text.xcconfig; name = "Pods-Swipes.debug.xcconfig"; path = "Pods/Target Support Files/Pods-Swipes/Pods-Swipes.debug.xcconfig"; sourceTree = "<group>"; };
		3C41917AFA306E1CFDF702E7 /* libPods-SwipesMac.a */ = {isa = PBXFileReference; explicitFileType = archive.ar; includeInIndex = 0; path = "libPods-SwipesMac.a"; sourceTree = BUILT_PRODUCTS_DIR; };
		3E51A7D33C8F86DDEA5B5C9F /* Pods-Swipes.release.xcconfig */ = {isa = PBXFileReference; includeInIndex = 1; lastKnownFileType = text.xcconfig; name = "Pods-Swipes.release.xcconfig"; path = "Pods/Target Support Files/Pods-Swipes/Pods-Swipes.release.xcconfig"; sourceTree = "<group>"; };
		57DA7785E7D1C0DE8B3A6ADA /* libPods-Swipes.a */ = {isa = PBXFileReference; explicitFileType = archive.ar; includeInIndex = 0; path = "libPods-Swipes.a"; sourceTree = BUILT_PRODUCTS_DIR; };
		A7160C681A95E93D0071409C /* Carbon.framework */ = {isa = PBXFileReference; lastKnownFileType = wrapper.framework; name = Carbon.framework; path = System/Library/Frameworks/Carbon.framework; sourceTree = SDKROOT; };
		A71FDD881A93B0EF008FA7FD /* Swipes.app */ = {isa = PBXFileReference; explicitFileType = wrapper.application; includeInIndex = 0; path = Swipes.app; sourceTree = BUILT_PRODUCTS_DIR; };
		A71FDD8C1A93B0EF008FA7FD /* Info.plist */ = {isa = PBXFileReference; lastKnownFileType = text.plist.xml; path = Info.plist; sourceTree = "<group>"; };
		A71FDD8D1A93B0EF008FA7FD /* AppDelegate.h */ = {isa = PBXFileReference; lastKnownFileType = sourcecode.c.h; path = AppDelegate.h; sourceTree = "<group>"; };
		A71FDD8E1A93B0EF008FA7FD /* AppDelegate.m */ = {isa = PBXFileReference; lastKnownFileType = sourcecode.c.objc; path = AppDelegate.m; sourceTree = "<group>"; };
		A71FDD901A93B0EF008FA7FD /* main.m */ = {isa = PBXFileReference; lastKnownFileType = sourcecode.c.objc; path = main.m; sourceTree = "<group>"; };
		A71FDD921A93B0EF008FA7FD /* Images.xcassets */ = {isa = PBXFileReference; lastKnownFileType = folder.assetcatalog; path = Images.xcassets; sourceTree = "<group>"; };
		A71FDD951A93B0EF008FA7FD /* Base */ = {isa = PBXFileReference; lastKnownFileType = file.xib; name = Base; path = Base.lproj/MainMenu.xib; sourceTree = "<group>"; };
		A71FDDA01A93B0EF008FA7FD /* Info.plist */ = {isa = PBXFileReference; lastKnownFileType = text.plist.xml; path = Info.plist; sourceTree = "<group>"; };
		A71FDDA11A93B0EF008FA7FD /* SwipesMacTests.m */ = {isa = PBXFileReference; lastKnownFileType = sourcecode.c.objc; path = SwipesMacTests.m; sourceTree = "<group>"; };
		A71FDDCB1A93B360008FA7FD /* swipes-notification.aiff */ = {isa = PBXFileReference; lastKnownFileType = audio.aiff; path = "swipes-notification.aiff"; sourceTree = "<group>"; };
		A734FCCE1B2FECDE00C78834 /* AuthWindowController.h */ = {isa = PBXFileReference; fileEncoding = 4; lastKnownFileType = sourcecode.c.h; name = AuthWindowController.h; path = AuthPopup/AuthWindowController.h; sourceTree = "<group>"; };
		A734FCCF1B2FECDE00C78834 /* AuthWindowController.m */ = {isa = PBXFileReference; fileEncoding = 4; lastKnownFileType = sourcecode.c.objc; name = AuthWindowController.m; path = AuthPopup/AuthWindowController.m; sourceTree = "<group>"; };
		A734FCD01B2FECDE00C78834 /* AuthWindowController.xib */ = {isa = PBXFileReference; fileEncoding = 4; lastKnownFileType = file.xib; name = AuthWindowController.xib; path = AuthPopup/AuthWindowController.xib; sourceTree = "<group>"; };
		A757846C1B31C5D100FCE3DB /* Swipes.entitlements */ = {isa = PBXFileReference; lastKnownFileType = text.xml; path = Swipes.entitlements; sourceTree = "<group>"; };
		A75D79FA1A94BE6A00846ADB /* swipes-priority.aiff */ = {isa = PBXFileReference; lastKnownFileType = audio.aiff; path = "swipes-priority.aiff"; sourceTree = "<group>"; };
		A7908C4D1B5D5E9300E0F300 /* StatusTemplate.png */ = {isa = PBXFileReference; lastKnownFileType = image.png; path = StatusTemplate.png; sourceTree = "<group>"; };
		A7908C4E1B5D5E9300E0F300 /* StatusTemplate@2x.png */ = {isa = PBXFileReference; lastKnownFileType = image.png; path = "StatusTemplate@2x.png"; sourceTree = "<group>"; };
		A798D6E01A95020300BF5D22 /* BackgroundView.h */ = {isa = PBXFileReference; fileEncoding = 4; lastKnownFileType = sourcecode.c.h; path = BackgroundView.h; sourceTree = "<group>"; };
		A798D6E11A95020300BF5D22 /* BackgroundView.m */ = {isa = PBXFileReference; fileEncoding = 4; lastKnownFileType = sourcecode.c.objc; path = BackgroundView.m; sourceTree = "<group>"; };
		A798D6E21A95020300BF5D22 /* MenubarController.h */ = {isa = PBXFileReference; fileEncoding = 4; lastKnownFileType = sourcecode.c.h; path = MenubarController.h; sourceTree = "<group>"; };
		A798D6E31A95020300BF5D22 /* MenubarController.m */ = {isa = PBXFileReference; fileEncoding = 4; lastKnownFileType = sourcecode.c.objc; path = MenubarController.m; sourceTree = "<group>"; };
		A798D6E41A95020300BF5D22 /* Panel.h */ = {isa = PBXFileReference; fileEncoding = 4; lastKnownFileType = sourcecode.c.h; path = Panel.h; sourceTree = "<group>"; };
		A798D6E51A95020300BF5D22 /* Panel.m */ = {isa = PBXFileReference; fileEncoding = 4; lastKnownFileType = sourcecode.c.objc; path = Panel.m; sourceTree = "<group>"; };
		A798D6E61A95020300BF5D22 /* Panel.xib */ = {isa = PBXFileReference; fileEncoding = 4; lastKnownFileType = file.xib; path = Panel.xib; sourceTree = "<group>"; };
		A798D6E71A95020300BF5D22 /* PanelController.h */ = {isa = PBXFileReference; fileEncoding = 4; lastKnownFileType = sourcecode.c.h; path = PanelController.h; sourceTree = "<group>"; };
		A798D6E81A95020300BF5D22 /* PanelController.m */ = {isa = PBXFileReference; fileEncoding = 4; lastKnownFileType = sourcecode.c.objc; path = PanelController.m; sourceTree = "<group>"; };
		A798D6E91A95020300BF5D22 /* Status.png */ = {isa = PBXFileReference; lastKnownFileType = image.png; path = Status.png; sourceTree = "<group>"; };
		A798D6EA1A95020300BF5D22 /* Status@2x.png */ = {isa = PBXFileReference; lastKnownFileType = image.png; path = "Status@2x.png"; sourceTree = "<group>"; };
		A798D6EB1A95020300BF5D22 /* StatusHighlighted.png */ = {isa = PBXFileReference; lastKnownFileType = image.png; path = StatusHighlighted.png; sourceTree = "<group>"; };
		A798D6EC1A95020300BF5D22 /* StatusHighlighted@2x.png */ = {isa = PBXFileReference; lastKnownFileType = image.png; path = "StatusHighlighted@2x.png"; sourceTree = "<group>"; };
		A798D6ED1A95020300BF5D22 /* StatusItemView.h */ = {isa = PBXFileReference; fileEncoding = 4; lastKnownFileType = sourcecode.c.h; path = StatusItemView.h; sourceTree = "<group>"; };
		A798D6EE1A95020300BF5D22 /* StatusItemView.m */ = {isa = PBXFileReference; fileEncoding = 4; lastKnownFileType = sourcecode.c.objc; path = StatusItemView.m; sourceTree = "<group>"; };
		A7A3CAE91ACC089000FC1A53 /* Cocoa.framework */ = {isa = PBXFileReference; lastKnownFileType = wrapper.framework; name = Cocoa.framework; path = System/Library/Frameworks/Cocoa.framework; sourceTree = SDKROOT; };
		A7CF377F1AB05D920030C7B4 /* CustomWebView.h */ = {isa = PBXFileReference; fileEncoding = 4; lastKnownFileType = sourcecode.c.h; path = CustomWebView.h; sourceTree = "<group>"; };
		A7CF37801AB05D920030C7B4 /* CustomWebView.m */ = {isa = PBXFileReference; fileEncoding = 4; lastKnownFileType = sourcecode.c.objc; path = CustomWebView.m; sourceTree = "<group>"; };
		D3953912DBA5109FBD2A0CA5 /* Pods-SwipesMac.debug.xcconfig */ = {isa = PBXFileReference; includeInIndex = 1; lastKnownFileType = text.xcconfig; name = "Pods-SwipesMac.debug.xcconfig"; path = "Pods/Target Support Files/Pods-SwipesMac/Pods-SwipesMac.debug.xcconfig"; sourceTree = "<group>"; };
		D5A89C052EFA0132F2D9EDBC /* Pods-SwipesMac.release.xcconfig */ = {isa = PBXFileReference; includeInIndex = 1; lastKnownFileType = text.xcconfig; name = "Pods-SwipesMac.release.xcconfig"; path = "Pods/Target Support Files/Pods-SwipesMac/Pods-SwipesMac.release.xcconfig"; sourceTree = "<group>"; };
/* End PBXFileReference section */

/* Begin PBXFrameworksBuildPhase section */
		A71FDD851A93B0EF008FA7FD /* Frameworks */ = {
			isa = PBXFrameworksBuildPhase;
			buildActionMask = 2147483647;
			files = (
				A7A3CAEB1ACC095200FC1A53 /* Carbon.framework in Frameworks */,
				A7A3CAEA1ACC089000FC1A53 /* Cocoa.framework in Frameworks */,
				D9508CB5A678B4D9B6132AFE /* libPods-Swipes.a in Frameworks */,
			);
			runOnlyForDeploymentPostprocessing = 0;
		};
/* End PBXFrameworksBuildPhase section */

/* Begin PBXGroup section */
		1D1E7465C9DF1B9EBADBEC21 /* Pods */ = {
			isa = PBXGroup;
			children = (
				D3953912DBA5109FBD2A0CA5 /* Pods-SwipesMac.debug.xcconfig */,
				D5A89C052EFA0132F2D9EDBC /* Pods-SwipesMac.release.xcconfig */,
				33C21030267C27494EB518A2 /* Pods-Swipes.debug.xcconfig */,
				3E51A7D33C8F86DDEA5B5C9F /* Pods-Swipes.release.xcconfig */,
			);
			name = Pods;
			sourceTree = "<group>";
		};
		6F7BE252561BFFE346955A51 /* Frameworks */ = {
			isa = PBXGroup;
			children = (
				A7A3CAE91ACC089000FC1A53 /* Cocoa.framework */,
				A7160C681A95E93D0071409C /* Carbon.framework */,
				3C41917AFA306E1CFDF702E7 /* libPods-SwipesMac.a */,
				57DA7785E7D1C0DE8B3A6ADA /* libPods-Swipes.a */,
			);
			name = Frameworks;
			sourceTree = "<group>";
		};
		A71FDD7F1A93B0EF008FA7FD = {
			isa = PBXGroup;
			children = (
				A757846C1B31C5D100FCE3DB /* Swipes.entitlements */,
				A71FDD8A1A93B0EF008FA7FD /* SwipesMac */,
				A71FDD9E1A93B0EF008FA7FD /* SwipesMacTests */,
				A71FDD891A93B0EF008FA7FD /* Products */,
				1D1E7465C9DF1B9EBADBEC21 /* Pods */,
				6F7BE252561BFFE346955A51 /* Frameworks */,
			);
			sourceTree = "<group>";
		};
		A71FDD891A93B0EF008FA7FD /* Products */ = {
			isa = PBXGroup;
			children = (
				A71FDD881A93B0EF008FA7FD /* Swipes.app */,
			);
			name = Products;
			sourceTree = "<group>";
		};
		A71FDD8A1A93B0EF008FA7FD /* SwipesMac */ = {
			isa = PBXGroup;
			children = (
				A734FCC91B2FEB9000C78834 /* AuthPopup */,
				A7CF377F1AB05D920030C7B4 /* CustomWebView.h */,
				A7CF37801AB05D920030C7B4 /* CustomWebView.m */,
				A798D6DF1A95020300BF5D22 /* AddPanel */,
				A75D79FA1A94BE6A00846ADB /* swipes-priority.aiff */,
				A71FDDCB1A93B360008FA7FD /* swipes-notification.aiff */,
				A71FDD8D1A93B0EF008FA7FD /* AppDelegate.h */,
				A71FDD8E1A93B0EF008FA7FD /* AppDelegate.m */,
				A71FDD921A93B0EF008FA7FD /* Images.xcassets */,
				A71FDD941A93B0EF008FA7FD /* MainMenu.xib */,
				A71FDD8B1A93B0EF008FA7FD /* Supporting Files */,
			);
			path = SwipesMac;
			sourceTree = "<group>";
		};
		A71FDD8B1A93B0EF008FA7FD /* Supporting Files */ = {
			isa = PBXGroup;
			children = (
				A71FDD8C1A93B0EF008FA7FD /* Info.plist */,
				A71FDD901A93B0EF008FA7FD /* main.m */,
			);
			name = "Supporting Files";
			sourceTree = "<group>";
		};
		A71FDD9E1A93B0EF008FA7FD /* SwipesMacTests */ = {
			isa = PBXGroup;
			children = (
				A71FDDA11A93B0EF008FA7FD /* SwipesMacTests.m */,
				A71FDD9F1A93B0EF008FA7FD /* Supporting Files */,
			);
			path = SwipesMacTests;
			sourceTree = "<group>";
		};
		A71FDD9F1A93B0EF008FA7FD /* Supporting Files */ = {
			isa = PBXGroup;
			children = (
				A71FDDA01A93B0EF008FA7FD /* Info.plist */,
			);
			name = "Supporting Files";
			sourceTree = "<group>";
		};
		A734FCC91B2FEB9000C78834 /* AuthPopup */ = {
			isa = PBXGroup;
			children = (
				A734FCCE1B2FECDE00C78834 /* AuthWindowController.h */,
				A734FCCF1B2FECDE00C78834 /* AuthWindowController.m */,
				A734FCD01B2FECDE00C78834 /* AuthWindowController.xib */,
			);
			name = AuthPopup;
			sourceTree = "<group>";
		};
		A798D6DF1A95020300BF5D22 /* AddPanel */ = {
			isa = PBXGroup;
			children = (
				A798D6E01A95020300BF5D22 /* BackgroundView.h */,
				A798D6E11A95020300BF5D22 /* BackgroundView.m */,
				A798D6E21A95020300BF5D22 /* MenubarController.h */,
				A798D6E31A95020300BF5D22 /* MenubarController.m */,
				A798D6E41A95020300BF5D22 /* Panel.h */,
				A798D6E51A95020300BF5D22 /* Panel.m */,
				A798D6E61A95020300BF5D22 /* Panel.xib */,
				A798D6E71A95020300BF5D22 /* PanelController.h */,
				A798D6E81A95020300BF5D22 /* PanelController.m */,
				A798D6E91A95020300BF5D22 /* Status.png */,
				A798D6EA1A95020300BF5D22 /* Status@2x.png */,
				A798D6EB1A95020300BF5D22 /* StatusHighlighted.png */,
				A798D6EC1A95020300BF5D22 /* StatusHighlighted@2x.png */,
				A798D6ED1A95020300BF5D22 /* StatusItemView.h */,
				A798D6EE1A95020300BF5D22 /* StatusItemView.m */,
				A7908C4D1B5D5E9300E0F300 /* StatusTemplate.png */,
				A7908C4E1B5D5E9300E0F300 /* StatusTemplate@2x.png */,
			);
			name = AddPanel;
			path = SwipesHelper/AddPanel;
			sourceTree = SOURCE_ROOT;
		};
/* End PBXGroup section */

/* Begin PBXNativeTarget section */
		A71FDD871A93B0EF008FA7FD /* Swipes */ = {
			isa = PBXNativeTarget;
			buildConfigurationList = A71FDDA51A93B0EF008FA7FD /* Build configuration list for PBXNativeTarget "Swipes" */;
			buildPhases = (
				A757846A1B31C22100FCE3DB /* Increment build number */,
				C3DF204CAD78F079D89D0B5C /* Check Pods Manifest.lock */,
				A71FDD841A93B0EF008FA7FD /* Sources */,
				A71FDD851A93B0EF008FA7FD /* Frameworks */,
				A71FDD861A93B0EF008FA7FD /* Resources */,
				E7A5D5B7F9233514BEC3AF20 /* Copy Pods Resources */,
			);
			buildRules = (
			);
			dependencies = (
			);
			name = Swipes;
			productName = SwipesMac;
			productReference = A71FDD881A93B0EF008FA7FD /* Swipes.app */;
			productType = "com.apple.product-type.application";
		};
/* End PBXNativeTarget section */

/* Begin PBXProject section */
		A71FDD801A93B0EF008FA7FD /* Project object */ = {
			isa = PBXProject;
			attributes = {
				LastUpgradeCheck = 0610;
				ORGANIZATIONNAME = "Swipes ApS";
				TargetAttributes = {
					A71FDD871A93B0EF008FA7FD = {
						CreatedOnToolsVersion = 6.1.1;
						DevelopmentTeam = 85LTPM52WY;
						SystemCapabilities = {
							com.apple.Sandbox = {
								enabled = 1;
							};
						};
					};
				};
			};
			buildConfigurationList = A71FDD831A93B0EF008FA7FD /* Build configuration list for PBXProject "Swipes" */;
			compatibilityVersion = "Xcode 3.2";
			developmentRegion = English;
			hasScannedForEncodings = 0;
			knownRegions = (
				en,
				Base,
			);
			mainGroup = A71FDD7F1A93B0EF008FA7FD;
			productRefGroup = A71FDD891A93B0EF008FA7FD /* Products */;
			projectDirPath = "";
			projectRoot = "";
			targets = (
				A71FDD871A93B0EF008FA7FD /* Swipes */,
			);
		};
/* End PBXProject section */

/* Begin PBXResourcesBuildPhase section */
		A71FDD861A93B0EF008FA7FD /* Resources */ = {
			isa = PBXResourcesBuildPhase;
			buildActionMask = 2147483647;
			files = (
				A71FDDCC1A93B360008FA7FD /* swipes-notification.aiff in Resources */,
				A798D6F21A95020300BF5D22 /* Panel.xib in Resources */,
				A75D79FB1A94BE6A00846ADB /* swipes-priority.aiff in Resources */,
				A798D6F71A95020300BF5D22 /* StatusHighlighted@2x.png in Resources */,
				A798D6F41A95020300BF5D22 /* Status.png in Resources */,
				A798D6F51A95020300BF5D22 /* Status@2x.png in Resources */,
				A7908C501B5D5E9300E0F300 /* StatusTemplate@2x.png in Resources */,
				A798D6F61A95020300BF5D22 /* StatusHighlighted.png in Resources */,
				A7908C4F1B5D5E9300E0F300 /* StatusTemplate.png in Resources */,
				A734FCD21B2FECDE00C78834 /* AuthWindowController.xib in Resources */,
				A71FDD931A93B0EF008FA7FD /* Images.xcassets in Resources */,
				A71FDD961A93B0EF008FA7FD /* MainMenu.xib in Resources */,
			);
			runOnlyForDeploymentPostprocessing = 0;
		};
/* End PBXResourcesBuildPhase section */

/* Begin PBXShellScriptBuildPhase section */
		A757846A1B31C22100FCE3DB /* Increment build number */ = {
			isa = PBXShellScriptBuildPhase;
			buildActionMask = 2147483647;
			files = (
			);
			inputPaths = (
			);
			name = "Increment build number";
			outputPaths = (
			);
			runOnlyForDeploymentPostprocessing = 0;
			shellPath = /bin/sh;
			shellScript = "buildNumber=$(/usr/libexec/PlistBuddy -c \"Print CFBundleVersion\" \"${PROJECT_DIR}/${INFOPLIST_FILE}\")\nbuildNumber=$(($buildNumber + 1))\n/usr/libexec/PlistBuddy -c \"Set :CFBundleVersion $buildNumber\" \"${PROJECT_DIR}/${INFOPLIST_FILE}\"";
		};
		C3DF204CAD78F079D89D0B5C /* Check Pods Manifest.lock */ = {
			isa = PBXShellScriptBuildPhase;
			buildActionMask = 2147483647;
			files = (
			);
			inputPaths = (
			);
			name = "Check Pods Manifest.lock";
			outputPaths = (
			);
			runOnlyForDeploymentPostprocessing = 0;
			shellPath = /bin/sh;
			shellScript = "diff \"${PODS_ROOT}/../Podfile.lock\" \"${PODS_ROOT}/Manifest.lock\" > /dev/null\nif [[ $? != 0 ]] ; then\n    cat << EOM\nerror: The sandbox is not in sync with the Podfile.lock. Run 'pod install' or update your CocoaPods installation.\nEOM\n    exit 1\nfi\n";
			showEnvVarsInLog = 0;
		};
		E7A5D5B7F9233514BEC3AF20 /* Copy Pods Resources */ = {
			isa = PBXShellScriptBuildPhase;
			buildActionMask = 2147483647;
			files = (
			);
			inputPaths = (
			);
			name = "Copy Pods Resources";
			outputPaths = (
			);
			runOnlyForDeploymentPostprocessing = 0;
			shellPath = /bin/sh;
			shellScript = "\"${SRCROOT}/Pods/Target Support Files/Pods-Swipes/Pods-Swipes-resources.sh\"\n";
			showEnvVarsInLog = 0;
		};
/* End PBXShellScriptBuildPhase section */

/* Begin PBXSourcesBuildPhase section */
		A71FDD841A93B0EF008FA7FD /* Sources */ = {
			isa = PBXSourcesBuildPhase;
			buildActionMask = 2147483647;
			files = (
				A798D6F11A95020300BF5D22 /* Panel.m in Sources */,
				A798D6F01A95020300BF5D22 /* MenubarController.m in Sources */,
				A798D6F31A95020300BF5D22 /* PanelController.m in Sources */,
				A798D6F81A95020300BF5D22 /* StatusItemView.m in Sources */,
				A71FDD911A93B0EF008FA7FD /* main.m in Sources */,
				A71FDD8F1A93B0EF008FA7FD /* AppDelegate.m in Sources */,
				A734FCD11B2FECDE00C78834 /* AuthWindowController.m in Sources */,
				A7CF37811AB05D920030C7B4 /* CustomWebView.m in Sources */,
				A798D6EF1A95020300BF5D22 /* BackgroundView.m in Sources */,
			);
			runOnlyForDeploymentPostprocessing = 0;
		};
/* End PBXSourcesBuildPhase section */

/* Begin PBXVariantGroup section */
		A71FDD941A93B0EF008FA7FD /* MainMenu.xib */ = {
			isa = PBXVariantGroup;
			children = (
				A71FDD951A93B0EF008FA7FD /* Base */,
			);
			name = MainMenu.xib;
			sourceTree = "<group>";
		};
/* End PBXVariantGroup section */

/* Begin XCBuildConfiguration section */
		A71FDDA31A93B0EF008FA7FD /* Debug */ = {
			isa = XCBuildConfiguration;
			buildSettings = {
				ALWAYS_SEARCH_USER_PATHS = NO;
				CLANG_CXX_LANGUAGE_STANDARD = "gnu++0x";
				CLANG_CXX_LIBRARY = "libc++";
				CLANG_ENABLE_MODULES = YES;
				CLANG_ENABLE_OBJC_ARC = YES;
				CLANG_WARN_BOOL_CONVERSION = YES;
				CLANG_WARN_CONSTANT_CONVERSION = YES;
				CLANG_WARN_DIRECT_OBJC_ISA_USAGE = YES_ERROR;
				CLANG_WARN_EMPTY_BODY = YES;
				CLANG_WARN_ENUM_CONVERSION = YES;
				CLANG_WARN_INT_CONVERSION = YES;
				CLANG_WARN_OBJC_ROOT_CLASS = YES_ERROR;
				CLANG_WARN_UNREACHABLE_CODE = YES;
				CLANG_WARN__DUPLICATE_METHOD_MATCH = YES;
				CODE_SIGN_IDENTITY = "3rd Party Mac Developer Application: Swipes Incorporated (85LTPM52WY)";
				COPY_PHASE_STRIP = NO;
				ENABLE_STRICT_OBJC_MSGSEND = YES;
				GCC_C_LANGUAGE_STANDARD = gnu99;
				GCC_DYNAMIC_NO_PIC = NO;
				GCC_OPTIMIZATION_LEVEL = 0;
				GCC_PREPROCESSOR_DEFINITIONS = (
					"DEBUG=1",
					"$(inherited)",
				);
				GCC_SYMBOLS_PRIVATE_EXTERN = NO;
				GCC_WARN_64_TO_32_BIT_CONVERSION = YES;
				GCC_WARN_ABOUT_RETURN_TYPE = YES_ERROR;
				GCC_WARN_UNDECLARED_SELECTOR = YES;
				GCC_WARN_UNINITIALIZED_AUTOS = YES_AGGRESSIVE;
				GCC_WARN_UNUSED_FUNCTION = YES;
				GCC_WARN_UNUSED_VARIABLE = YES;
				MACOSX_DEPLOYMENT_TARGET = 10.10;
				MTL_ENABLE_DEBUG_INFO = YES;
				ONLY_ACTIVE_ARCH = YES;
				PROVISIONING_PROFILE = "c4dc9b24-1291-4594-b3cf-99a3164c75e5";
				SDKROOT = macosx;
			};
			name = Debug;
		};
		A71FDDA41A93B0EF008FA7FD /* Release */ = {
			isa = XCBuildConfiguration;
			buildSettings = {
				ALWAYS_SEARCH_USER_PATHS = NO;
				CLANG_CXX_LANGUAGE_STANDARD = "gnu++0x";
				CLANG_CXX_LIBRARY = "libc++";
				CLANG_ENABLE_MODULES = YES;
				CLANG_ENABLE_OBJC_ARC = YES;
				CLANG_WARN_BOOL_CONVERSION = YES;
				CLANG_WARN_CONSTANT_CONVERSION = YES;
				CLANG_WARN_DIRECT_OBJC_ISA_USAGE = YES_ERROR;
				CLANG_WARN_EMPTY_BODY = YES;
				CLANG_WARN_ENUM_CONVERSION = YES;
				CLANG_WARN_INT_CONVERSION = YES;
				CLANG_WARN_OBJC_ROOT_CLASS = YES_ERROR;
				CLANG_WARN_UNREACHABLE_CODE = YES;
				CLANG_WARN__DUPLICATE_METHOD_MATCH = YES;
				CODE_SIGN_IDENTITY = "3rd Party Mac Developer Application: Swipes Incorporated (85LTPM52WY)";
				COPY_PHASE_STRIP = YES;
				DEBUG_INFORMATION_FORMAT = "dwarf-with-dsym";
				ENABLE_NS_ASSERTIONS = NO;
				ENABLE_STRICT_OBJC_MSGSEND = YES;
				GCC_C_LANGUAGE_STANDARD = gnu99;
				GCC_WARN_64_TO_32_BIT_CONVERSION = YES;
				GCC_WARN_ABOUT_RETURN_TYPE = YES_ERROR;
				GCC_WARN_UNDECLARED_SELECTOR = YES;
				GCC_WARN_UNINITIALIZED_AUTOS = YES_AGGRESSIVE;
				GCC_WARN_UNUSED_FUNCTION = YES;
				GCC_WARN_UNUSED_VARIABLE = YES;
				MACOSX_DEPLOYMENT_TARGET = 10.10;
				MTL_ENABLE_DEBUG_INFO = NO;
				PROVISIONING_PROFILE = "c4dc9b24-1291-4594-b3cf-99a3164c75e5";
				SDKROOT = macosx;
			};
			name = Release;
		};
		A71FDDA61A93B0EF008FA7FD /* Debug */ = {
			isa = XCBuildConfiguration;
			baseConfigurationReference = 33C21030267C27494EB518A2 /* Pods-Swipes.debug.xcconfig */;
			buildSettings = {
				ASSETCATALOG_COMPILER_APPICON_NAME = AppIcon;
				CLANG_CXX_LANGUAGE_STANDARD = "gnu++0x";
				CLANG_CXX_LIBRARY = "libc++";
				CLANG_ENABLE_MODULES = YES;
				CODE_SIGN_ENTITLEMENTS = Swipes.entitlements;
				CODE_SIGN_IDENTITY = "Developer ID Application";
				COMBINE_HIDPI_IMAGES = YES;
				INFOPLIST_FILE = SwipesMac/Info.plist;
				LD_RUNPATH_SEARCH_PATHS = "$(inherited) @executable_path/../Frameworks";
				MACOSX_DEPLOYMENT_TARGET = 10.9;
				PRODUCT_NAME = Swipes;
				PROVISIONING_PROFILE = "";
			};
			name = Debug;
		};
		A71FDDA71A93B0EF008FA7FD /* Release */ = {
			isa = XCBuildConfiguration;
			baseConfigurationReference = 3E51A7D33C8F86DDEA5B5C9F /* Pods-Swipes.release.xcconfig */;
			buildSettings = {
				ASSETCATALOG_COMPILER_APPICON_NAME = AppIcon;
				CLANG_CXX_LANGUAGE_STANDARD = "gnu++0x";
				CLANG_CXX_LIBRARY = "libc++";
				CLANG_ENABLE_MODULES = YES;
				CODE_SIGN_ENTITLEMENTS = Swipes.entitlements;
				CODE_SIGN_IDENTITY = "Developer ID Application";
				COMBINE_HIDPI_IMAGES = YES;
				INFOPLIST_FILE = SwipesMac/Info.plist;
				LD_RUNPATH_SEARCH_PATHS = "$(inherited) @executable_path/../Frameworks";
				MACOSX_DEPLOYMENT_TARGET = 10.9;
				PRODUCT_NAME = Swipes;
				PROVISIONING_PROFILE = "c4dc9b24-1291-4594-b3cf-99a3164c75e5";
			};
			name = Release;
		};
/* End XCBuildConfiguration section */

/* Begin XCConfigurationList section */
		A71FDD831A93B0EF008FA7FD /* Build configuration list for PBXProject "Swipes" */ = {
			isa = XCConfigurationList;
			buildConfigurations = (
				A71FDDA31A93B0EF008FA7FD /* Debug */,
				A71FDDA41A93B0EF008FA7FD /* Release */,
			);
			defaultConfigurationIsVisible = 0;
			defaultConfigurationName = Release;
		};
		A71FDDA51A93B0EF008FA7FD /* Build configuration list for PBXNativeTarget "Swipes" */ = {
			isa = XCConfigurationList;
			buildConfigurations = (
				A71FDDA61A93B0EF008FA7FD /* Debug */,
				A71FDDA71A93B0EF008FA7FD /* Release */,
			);
			defaultConfigurationIsVisible = 0;
			defaultConfigurationName = Release;
		};
/* End XCConfigurationList section */
	};
	rootObject = A71FDD801A93B0EF008FA7FD /* Project object */;
}
