// !$*UTF8*$!
{
	archiveVersion = 1;
	classes = {
	};
	objectVersion = 46;
	objects = {

/* Begin PBXBuildFile section */
		A798D6A01A95004000BF5D22 /* AppDelegate.m in Sources */ = {isa = PBXBuildFile; fileRef = A798D69F1A95004000BF5D22 /* AppDelegate.m */; };
		A798D6A21A95004000BF5D22 /* main.m in Sources */ = {isa = PBXBuildFile; fileRef = A798D6A11A95004000BF5D22 /* main.m */; };
		A798D6A41A95004000BF5D22 /* Images.xcassets in Resources */ = {isa = PBXBuildFile; fileRef = A798D6A31A95004000BF5D22 /* Images.xcassets */; };
		A798D6A71A95004000BF5D22 /* MainMenu.xib in Resources */ = {isa = PBXBuildFile; fileRef = A798D6A51A95004000BF5D22 /* MainMenu.xib */; };
		A798D6B31A95004000BF5D22 /* SwipesHelperTests.m in Sources */ = {isa = PBXBuildFile; fileRef = A798D6B21A95004000BF5D22 /* SwipesHelperTests.m */; };
		A798D6D51A9500CF00BF5D22 /* BackgroundView.m in Sources */ = {isa = PBXBuildFile; fileRef = A798D6C71A9500CF00BF5D22 /* BackgroundView.m */; };
		A798D6D61A9500CF00BF5D22 /* MenubarController.m in Sources */ = {isa = PBXBuildFile; fileRef = A798D6C91A9500CF00BF5D22 /* MenubarController.m */; };
		A798D6D71A9500CF00BF5D22 /* Panel.m in Sources */ = {isa = PBXBuildFile; fileRef = A798D6CB1A9500CF00BF5D22 /* Panel.m */; };
		A798D6D81A9500CF00BF5D22 /* Panel.xib in Resources */ = {isa = PBXBuildFile; fileRef = A798D6CC1A9500CF00BF5D22 /* Panel.xib */; };
		A798D6D91A9500CF00BF5D22 /* PanelController.m in Sources */ = {isa = PBXBuildFile; fileRef = A798D6CE1A9500CF00BF5D22 /* PanelController.m */; };
		A798D6DA1A9500CF00BF5D22 /* Status.png in Resources */ = {isa = PBXBuildFile; fileRef = A798D6CF1A9500CF00BF5D22 /* Status.png */; };
		A798D6DB1A9500CF00BF5D22 /* Status@2x.png in Resources */ = {isa = PBXBuildFile; fileRef = A798D6D01A9500CF00BF5D22 /* Status@2x.png */; };
		A798D6DC1A9500CF00BF5D22 /* StatusHighlighted.png in Resources */ = {isa = PBXBuildFile; fileRef = A798D6D11A9500CF00BF5D22 /* StatusHighlighted.png */; };
		A798D6DD1A9500CF00BF5D22 /* StatusHighlighted@2x.png in Resources */ = {isa = PBXBuildFile; fileRef = A798D6D21A9500CF00BF5D22 /* StatusHighlighted@2x.png */; };
		A798D6DE1A9500CF00BF5D22 /* StatusItemView.m in Sources */ = {isa = PBXBuildFile; fileRef = A798D6D41A9500CF00BF5D22 /* StatusItemView.m */; };
/* End PBXBuildFile section */

/* Begin PBXContainerItemProxy section */
		A798D6AD1A95004000BF5D22 /* PBXContainerItemProxy */ = {
			isa = PBXContainerItemProxy;
			containerPortal = A798D6911A95004000BF5D22 /* Project object */;
			proxyType = 1;
			remoteGlobalIDString = A798D6981A95004000BF5D22;
			remoteInfo = SwipesHelper;
		};
/* End PBXContainerItemProxy section */

/* Begin PBXFileReference section */
		A798D6991A95004000BF5D22 /* SwipesHelper.app */ = {isa = PBXFileReference; explicitFileType = wrapper.application; includeInIndex = 0; path = SwipesHelper.app; sourceTree = BUILT_PRODUCTS_DIR; };
		A798D69D1A95004000BF5D22 /* Info.plist */ = {isa = PBXFileReference; lastKnownFileType = text.plist.xml; path = Info.plist; sourceTree = "<group>"; };
		A798D69E1A95004000BF5D22 /* AppDelegate.h */ = {isa = PBXFileReference; lastKnownFileType = sourcecode.c.h; path = AppDelegate.h; sourceTree = "<group>"; };
		A798D69F1A95004000BF5D22 /* AppDelegate.m */ = {isa = PBXFileReference; lastKnownFileType = sourcecode.c.objc; path = AppDelegate.m; sourceTree = "<group>"; };
		A798D6A11A95004000BF5D22 /* main.m */ = {isa = PBXFileReference; lastKnownFileType = sourcecode.c.objc; path = main.m; sourceTree = "<group>"; };
		A798D6A31A95004000BF5D22 /* Images.xcassets */ = {isa = PBXFileReference; lastKnownFileType = folder.assetcatalog; path = Images.xcassets; sourceTree = "<group>"; };
		A798D6A61A95004000BF5D22 /* Base */ = {isa = PBXFileReference; lastKnownFileType = file.xib; name = Base; path = Base.lproj/MainMenu.xib; sourceTree = "<group>"; };
		A798D6AC1A95004000BF5D22 /* SwipesHelperTests.xctest */ = {isa = PBXFileReference; explicitFileType = wrapper.cfbundle; includeInIndex = 0; path = SwipesHelperTests.xctest; sourceTree = BUILT_PRODUCTS_DIR; };
		A798D6B11A95004000BF5D22 /* Info.plist */ = {isa = PBXFileReference; lastKnownFileType = text.plist.xml; path = Info.plist; sourceTree = "<group>"; };
		A798D6B21A95004000BF5D22 /* SwipesHelperTests.m */ = {isa = PBXFileReference; lastKnownFileType = sourcecode.c.objc; path = SwipesHelperTests.m; sourceTree = "<group>"; };
		A798D6C61A9500CF00BF5D22 /* BackgroundView.h */ = {isa = PBXFileReference; fileEncoding = 4; lastKnownFileType = sourcecode.c.h; path = BackgroundView.h; sourceTree = "<group>"; };
		A798D6C71A9500CF00BF5D22 /* BackgroundView.m */ = {isa = PBXFileReference; fileEncoding = 4; lastKnownFileType = sourcecode.c.objc; path = BackgroundView.m; sourceTree = "<group>"; };
		A798D6C81A9500CF00BF5D22 /* MenubarController.h */ = {isa = PBXFileReference; fileEncoding = 4; lastKnownFileType = sourcecode.c.h; path = MenubarController.h; sourceTree = "<group>"; };
		A798D6C91A9500CF00BF5D22 /* MenubarController.m */ = {isa = PBXFileReference; fileEncoding = 4; lastKnownFileType = sourcecode.c.objc; path = MenubarController.m; sourceTree = "<group>"; };
		A798D6CA1A9500CF00BF5D22 /* Panel.h */ = {isa = PBXFileReference; fileEncoding = 4; lastKnownFileType = sourcecode.c.h; path = Panel.h; sourceTree = "<group>"; };
		A798D6CB1A9500CF00BF5D22 /* Panel.m */ = {isa = PBXFileReference; fileEncoding = 4; lastKnownFileType = sourcecode.c.objc; path = Panel.m; sourceTree = "<group>"; };
		A798D6CC1A9500CF00BF5D22 /* Panel.xib */ = {isa = PBXFileReference; fileEncoding = 4; lastKnownFileType = file.xib; path = Panel.xib; sourceTree = "<group>"; };
		A798D6CD1A9500CF00BF5D22 /* PanelController.h */ = {isa = PBXFileReference; fileEncoding = 4; lastKnownFileType = sourcecode.c.h; path = PanelController.h; sourceTree = "<group>"; };
		A798D6CE1A9500CF00BF5D22 /* PanelController.m */ = {isa = PBXFileReference; fileEncoding = 4; lastKnownFileType = sourcecode.c.objc; path = PanelController.m; sourceTree = "<group>"; };
		A798D6CF1A9500CF00BF5D22 /* Status.png */ = {isa = PBXFileReference; lastKnownFileType = image.png; path = Status.png; sourceTree = "<group>"; };
		A798D6D01A9500CF00BF5D22 /* Status@2x.png */ = {isa = PBXFileReference; lastKnownFileType = image.png; path = "Status@2x.png"; sourceTree = "<group>"; };
		A798D6D11A9500CF00BF5D22 /* StatusHighlighted.png */ = {isa = PBXFileReference; lastKnownFileType = image.png; path = StatusHighlighted.png; sourceTree = "<group>"; };
		A798D6D21A9500CF00BF5D22 /* StatusHighlighted@2x.png */ = {isa = PBXFileReference; lastKnownFileType = image.png; path = "StatusHighlighted@2x.png"; sourceTree = "<group>"; };
		A798D6D31A9500CF00BF5D22 /* StatusItemView.h */ = {isa = PBXFileReference; fileEncoding = 4; lastKnownFileType = sourcecode.c.h; path = StatusItemView.h; sourceTree = "<group>"; };
		A798D6D41A9500CF00BF5D22 /* StatusItemView.m */ = {isa = PBXFileReference; fileEncoding = 4; lastKnownFileType = sourcecode.c.objc; path = StatusItemView.m; sourceTree = "<group>"; };
/* End PBXFileReference section */

/* Begin PBXFrameworksBuildPhase section */
		A798D6961A95004000BF5D22 /* Frameworks */ = {
			isa = PBXFrameworksBuildPhase;
			buildActionMask = 2147483647;
			files = (
			);
			runOnlyForDeploymentPostprocessing = 0;
		};
		A798D6A91A95004000BF5D22 /* Frameworks */ = {
			isa = PBXFrameworksBuildPhase;
			buildActionMask = 2147483647;
			files = (
			);
			runOnlyForDeploymentPostprocessing = 0;
		};
/* End PBXFrameworksBuildPhase section */

/* Begin PBXGroup section */
		A798D6901A95004000BF5D22 = {
			isa = PBXGroup;
			children = (
				A798D69B1A95004000BF5D22 /* SwipesHelper */,
				A798D6AF1A95004000BF5D22 /* SwipesHelperTests */,
				A798D69A1A95004000BF5D22 /* Products */,
			);
			sourceTree = "<group>";
		};
		A798D69A1A95004000BF5D22 /* Products */ = {
			isa = PBXGroup;
			children = (
				A798D6991A95004000BF5D22 /* SwipesHelper.app */,
				A798D6AC1A95004000BF5D22 /* SwipesHelperTests.xctest */,
			);
			name = Products;
			sourceTree = "<group>";
		};
		A798D69B1A95004000BF5D22 /* SwipesHelper */ = {
			isa = PBXGroup;
			children = (
				A798D6C51A9500CF00BF5D22 /* AddPanel */,
				A798D69E1A95004000BF5D22 /* AppDelegate.h */,
				A798D69F1A95004000BF5D22 /* AppDelegate.m */,
				A798D6A31A95004000BF5D22 /* Images.xcassets */,
				A798D6A51A95004000BF5D22 /* MainMenu.xib */,
				A798D69C1A95004000BF5D22 /* Supporting Files */,
			);
			path = SwipesHelper;
			sourceTree = "<group>";
		};
		A798D69C1A95004000BF5D22 /* Supporting Files */ = {
			isa = PBXGroup;
			children = (
				A798D69D1A95004000BF5D22 /* Info.plist */,
				A798D6A11A95004000BF5D22 /* main.m */,
			);
			name = "Supporting Files";
			sourceTree = "<group>";
		};
		A798D6AF1A95004000BF5D22 /* SwipesHelperTests */ = {
			isa = PBXGroup;
			children = (
				A798D6B21A95004000BF5D22 /* SwipesHelperTests.m */,
				A798D6B01A95004000BF5D22 /* Supporting Files */,
			);
			path = SwipesHelperTests;
			sourceTree = "<group>";
		};
		A798D6B01A95004000BF5D22 /* Supporting Files */ = {
			isa = PBXGroup;
			children = (
				A798D6B11A95004000BF5D22 /* Info.plist */,
			);
			name = "Supporting Files";
			sourceTree = "<group>";
		};
		A798D6C51A9500CF00BF5D22 /* AddPanel */ = {
			isa = PBXGroup;
			children = (
				A798D6C61A9500CF00BF5D22 /* BackgroundView.h */,
				A798D6C71A9500CF00BF5D22 /* BackgroundView.m */,
				A798D6C81A9500CF00BF5D22 /* MenubarController.h */,
				A798D6C91A9500CF00BF5D22 /* MenubarController.m */,
				A798D6CA1A9500CF00BF5D22 /* Panel.h */,
				A798D6CB1A9500CF00BF5D22 /* Panel.m */,
				A798D6CC1A9500CF00BF5D22 /* Panel.xib */,
				A798D6CD1A9500CF00BF5D22 /* PanelController.h */,
				A798D6CE1A9500CF00BF5D22 /* PanelController.m */,
				A798D6CF1A9500CF00BF5D22 /* Status.png */,
				A798D6D01A9500CF00BF5D22 /* Status@2x.png */,
				A798D6D11A9500CF00BF5D22 /* StatusHighlighted.png */,
				A798D6D21A9500CF00BF5D22 /* StatusHighlighted@2x.png */,
				A798D6D31A9500CF00BF5D22 /* StatusItemView.h */,
				A798D6D41A9500CF00BF5D22 /* StatusItemView.m */,
			);
			path = AddPanel;
			sourceTree = SOURCE_ROOT;
		};
/* End PBXGroup section */

/* Begin PBXNativeTarget section */
		A798D6981A95004000BF5D22 /* SwipesHelper */ = {
			isa = PBXNativeTarget;
			buildConfigurationList = A798D6B61A95004000BF5D22 /* Build configuration list for PBXNativeTarget "SwipesHelper" */;
			buildPhases = (
				A798D6951A95004000BF5D22 /* Sources */,
				A798D6961A95004000BF5D22 /* Frameworks */,
				A798D6971A95004000BF5D22 /* Resources */,
			);
			buildRules = (
			);
			dependencies = (
			);
			name = SwipesHelper;
			productName = SwipesHelper;
			productReference = A798D6991A95004000BF5D22 /* SwipesHelper.app */;
			productType = "com.apple.product-type.application";
		};
		A798D6AB1A95004000BF5D22 /* SwipesHelperTests */ = {
			isa = PBXNativeTarget;
			buildConfigurationList = A798D6B91A95004000BF5D22 /* Build configuration list for PBXNativeTarget "SwipesHelperTests" */;
			buildPhases = (
				A798D6A81A95004000BF5D22 /* Sources */,
				A798D6A91A95004000BF5D22 /* Frameworks */,
				A798D6AA1A95004000BF5D22 /* Resources */,
			);
			buildRules = (
			);
			dependencies = (
				A798D6AE1A95004000BF5D22 /* PBXTargetDependency */,
			);
			name = SwipesHelperTests;
			productName = SwipesHelperTests;
			productReference = A798D6AC1A95004000BF5D22 /* SwipesHelperTests.xctest */;
			productType = "com.apple.product-type.bundle.unit-test";
		};
/* End PBXNativeTarget section */

/* Begin PBXProject section */
		A798D6911A95004000BF5D22 /* Project object */ = {
			isa = PBXProject;
			attributes = {
				LastUpgradeCheck = 0610;
				ORGANIZATIONNAME = "Swipes ApS";
				TargetAttributes = {
					A798D6981A95004000BF5D22 = {
						CreatedOnToolsVersion = 6.1.1;
					};
					A798D6AB1A95004000BF5D22 = {
						CreatedOnToolsVersion = 6.1.1;
						TestTargetID = A798D6981A95004000BF5D22;
					};
				};
			};
			buildConfigurationList = A798D6941A95004000BF5D22 /* Build configuration list for PBXProject "SwipesHelper" */;
			compatibilityVersion = "Xcode 3.2";
			developmentRegion = English;
			hasScannedForEncodings = 0;
			knownRegions = (
				en,
				Base,
			);
			mainGroup = A798D6901A95004000BF5D22;
			productRefGroup = A798D69A1A95004000BF5D22 /* Products */;
			projectDirPath = "";
			projectRoot = "";
			targets = (
				A798D6981A95004000BF5D22 /* SwipesHelper */,
				A798D6AB1A95004000BF5D22 /* SwipesHelperTests */,
			);
		};
/* End PBXProject section */

/* Begin PBXResourcesBuildPhase section */
		A798D6971A95004000BF5D22 /* Resources */ = {
			isa = PBXResourcesBuildPhase;
			buildActionMask = 2147483647;
			files = (
				A798D6D81A9500CF00BF5D22 /* Panel.xib in Resources */,
				A798D6DD1A9500CF00BF5D22 /* StatusHighlighted@2x.png in Resources */,
				A798D6DB1A9500CF00BF5D22 /* Status@2x.png in Resources */,
				A798D6DA1A9500CF00BF5D22 /* Status.png in Resources */,
				A798D6DC1A9500CF00BF5D22 /* StatusHighlighted.png in Resources */,
				A798D6A41A95004000BF5D22 /* Images.xcassets in Resources */,
				A798D6A71A95004000BF5D22 /* MainMenu.xib in Resources */,
			);
			runOnlyForDeploymentPostprocessing = 0;
		};
		A798D6AA1A95004000BF5D22 /* Resources */ = {
			isa = PBXResourcesBuildPhase;
			buildActionMask = 2147483647;
			files = (
			);
			runOnlyForDeploymentPostprocessing = 0;
		};
/* End PBXResourcesBuildPhase section */

/* Begin PBXSourcesBuildPhase section */
		A798D6951A95004000BF5D22 /* Sources */ = {
			isa = PBXSourcesBuildPhase;
			buildActionMask = 2147483647;
			files = (
				A798D6D71A9500CF00BF5D22 /* Panel.m in Sources */,
				A798D6D61A9500CF00BF5D22 /* MenubarController.m in Sources */,
				A798D6D91A9500CF00BF5D22 /* PanelController.m in Sources */,
				A798D6DE1A9500CF00BF5D22 /* StatusItemView.m in Sources */,
				A798D6A21A95004000BF5D22 /* main.m in Sources */,
				A798D6A01A95004000BF5D22 /* AppDelegate.m in Sources */,
				A798D6D51A9500CF00BF5D22 /* BackgroundView.m in Sources */,
			);
			runOnlyForDeploymentPostprocessing = 0;
		};
		A798D6A81A95004000BF5D22 /* Sources */ = {
			isa = PBXSourcesBuildPhase;
			buildActionMask = 2147483647;
			files = (
				A798D6B31A95004000BF5D22 /* SwipesHelperTests.m in Sources */,
			);
			runOnlyForDeploymentPostprocessing = 0;
		};
/* End PBXSourcesBuildPhase section */

/* Begin PBXTargetDependency section */
		A798D6AE1A95004000BF5D22 /* PBXTargetDependency */ = {
			isa = PBXTargetDependency;
			target = A798D6981A95004000BF5D22 /* SwipesHelper */;
			targetProxy = A798D6AD1A95004000BF5D22 /* PBXContainerItemProxy */;
		};
/* End PBXTargetDependency section */

/* Begin PBXVariantGroup section */
		A798D6A51A95004000BF5D22 /* MainMenu.xib */ = {
			isa = PBXVariantGroup;
			children = (
				A798D6A61A95004000BF5D22 /* Base */,
			);
			name = MainMenu.xib;
			sourceTree = "<group>";
		};
/* End PBXVariantGroup section */

/* Begin XCBuildConfiguration section */
		A798D6B41A95004000BF5D22 /* Debug */ = {
			isa = XCBuildConfiguration;
			buildSettings = {
				ALWAYS_SEARCH_USER_PATHS = NO;
				CLANG_CXX_LANGUAGE_STANDARD = "gnu++0x";
				CLANG_CXX_LIBRARY = "libc++";
				CLANG_ENABLE_MODULES = YES;
				CLANG_ENABLE_OBJC_ARC = YES;
				CLANG_WARN_BOOL_CONVERSION = YES;
				CLANG_WARN_CONSTANT_CONVERSION = YES;
				CLANG_WARN_DIRECT_OBJC_ISA_USAGE = YES_ERROR;
				CLANG_WARN_EMPTY_BODY = YES;
				CLANG_WARN_ENUM_CONVERSION = YES;
				CLANG_WARN_INT_CONVERSION = YES;
				CLANG_WARN_OBJC_ROOT_CLASS = YES_ERROR;
				CLANG_WARN_UNREACHABLE_CODE = YES;
				CLANG_WARN__DUPLICATE_METHOD_MATCH = YES;
				CODE_SIGN_IDENTITY = "-";
				COPY_PHASE_STRIP = NO;
				ENABLE_STRICT_OBJC_MSGSEND = YES;
				GCC_C_LANGUAGE_STANDARD = gnu99;
				GCC_DYNAMIC_NO_PIC = NO;
				GCC_OPTIMIZATION_LEVEL = 0;
				GCC_PREPROCESSOR_DEFINITIONS = (
					"DEBUG=1",
					"$(inherited)",
				);
				GCC_SYMBOLS_PRIVATE_EXTERN = NO;
				GCC_WARN_64_TO_32_BIT_CONVERSION = YES;
				GCC_WARN_ABOUT_RETURN_TYPE = YES_ERROR;
				GCC_WARN_UNDECLARED_SELECTOR = YES;
				GCC_WARN_UNINITIALIZED_AUTOS = YES_AGGRESSIVE;
				GCC_WARN_UNUSED_FUNCTION = YES;
				GCC_WARN_UNUSED_VARIABLE = YES;
				MACOSX_DEPLOYMENT_TARGET = 10.10;
				MTL_ENABLE_DEBUG_INFO = YES;
				ONLY_ACTIVE_ARCH = YES;
				SDKROOT = macosx;
			};
			name = Debug;
		};
		A798D6B51A95004000BF5D22 /* Release */ = {
			isa = XCBuildConfiguration;
			buildSettings = {
				ALWAYS_SEARCH_USER_PATHS = NO;
				CLANG_CXX_LANGUAGE_STANDARD = "gnu++0x";
				CLANG_CXX_LIBRARY = "libc++";
				CLANG_ENABLE_MODULES = YES;
				CLANG_ENABLE_OBJC_ARC = YES;
				CLANG_WARN_BOOL_CONVERSION = YES;
				CLANG_WARN_CONSTANT_CONVERSION = YES;
				CLANG_WARN_DIRECT_OBJC_ISA_USAGE = YES_ERROR;
				CLANG_WARN_EMPTY_BODY = YES;
				CLANG_WARN_ENUM_CONVERSION = YES;
				CLANG_WARN_INT_CONVERSION = YES;
				CLANG_WARN_OBJC_ROOT_CLASS = YES_ERROR;
				CLANG_WARN_UNREACHABLE_CODE = YES;
				CLANG_WARN__DUPLICATE_METHOD_MATCH = YES;
				CODE_SIGN_IDENTITY = "-";
				COPY_PHASE_STRIP = YES;
				DEBUG_INFORMATION_FORMAT = "dwarf-with-dsym";
				ENABLE_NS_ASSERTIONS = NO;
				ENABLE_STRICT_OBJC_MSGSEND = YES;
				GCC_C_LANGUAGE_STANDARD = gnu99;
				GCC_WARN_64_TO_32_BIT_CONVERSION = YES;
				GCC_WARN_ABOUT_RETURN_TYPE = YES_ERROR;
				GCC_WARN_UNDECLARED_SELECTOR = YES;
				GCC_WARN_UNINITIALIZED_AUTOS = YES_AGGRESSIVE;
				GCC_WARN_UNUSED_FUNCTION = YES;
				GCC_WARN_UNUSED_VARIABLE = YES;
				MACOSX_DEPLOYMENT_TARGET = 10.10;
				MTL_ENABLE_DEBUG_INFO = NO;
				SDKROOT = macosx;
			};
			name = Release;
		};
		A798D6B71A95004000BF5D22 /* Debug */ = {
			isa = XCBuildConfiguration;
			buildSettings = {
				ASSETCATALOG_COMPILER_APPICON_NAME = AppIcon;
				COMBINE_HIDPI_IMAGES = YES;
				INFOPLIST_FILE = SwipesHelper/Info.plist;
				LD_RUNPATH_SEARCH_PATHS = "$(inherited) @executable_path/../Frameworks";
				PRODUCT_NAME = "$(TARGET_NAME)";
			};
			name = Debug;
		};
		A798D6B81A95004000BF5D22 /* Release */ = {
			isa = XCBuildConfiguration;
			buildSettings = {
				ASSETCATALOG_COMPILER_APPICON_NAME = AppIcon;
				COMBINE_HIDPI_IMAGES = YES;
				INFOPLIST_FILE = SwipesHelper/Info.plist;
				LD_RUNPATH_SEARCH_PATHS = "$(inherited) @executable_path/../Frameworks";
				PRODUCT_NAME = "$(TARGET_NAME)";
			};
			name = Release;
		};
		A798D6BA1A95004000BF5D22 /* Debug */ = {
			isa = XCBuildConfiguration;
			buildSettings = {
				BUNDLE_LOADER = "$(TEST_HOST)";
				COMBINE_HIDPI_IMAGES = YES;
				FRAMEWORK_SEARCH_PATHS = (
					"$(DEVELOPER_FRAMEWORKS_DIR)",
					"$(inherited)",
				);
				GCC_PREPROCESSOR_DEFINITIONS = (
					"DEBUG=1",
					"$(inherited)",
				);
				INFOPLIST_FILE = SwipesHelperTests/Info.plist;
				LD_RUNPATH_SEARCH_PATHS = "$(inherited) @executable_path/../Frameworks @loader_path/../Frameworks";
				PRODUCT_NAME = "$(TARGET_NAME)";
				TEST_HOST = "$(BUILT_PRODUCTS_DIR)/SwipesHelper.app/Contents/MacOS/SwipesHelper";
			};
			name = Debug;
		};
		A798D6BB1A95004000BF5D22 /* Release */ = {
			isa = XCBuildConfiguration;
			buildSettings = {
				BUNDLE_LOADER = "$(TEST_HOST)";
				COMBINE_HIDPI_IMAGES = YES;
				FRAMEWORK_SEARCH_PATHS = (
					"$(DEVELOPER_FRAMEWORKS_DIR)",
					"$(inherited)",
				);
				INFOPLIST_FILE = SwipesHelperTests/Info.plist;
				LD_RUNPATH_SEARCH_PATHS = "$(inherited) @executable_path/../Frameworks @loader_path/../Frameworks";
				PRODUCT_NAME = "$(TARGET_NAME)";
				TEST_HOST = "$(BUILT_PRODUCTS_DIR)/SwipesHelper.app/Contents/MacOS/SwipesHelper";
			};
			name = Release;
		};
/* End XCBuildConfiguration section */

/* Begin XCConfigurationList section */
		A798D6941A95004000BF5D22 /* Build configuration list for PBXProject "SwipesHelper" */ = {
			isa = XCConfigurationList;
			buildConfigurations = (
				A798D6B41A95004000BF5D22 /* Debug */,
				A798D6B51A95004000BF5D22 /* Release */,
			);
			defaultConfigurationIsVisible = 0;
			defaultConfigurationName = Release;
		};
		A798D6B61A95004000BF5D22 /* Build configuration list for PBXNativeTarget "SwipesHelper" */ = {
			isa = XCConfigurationList;
			buildConfigurations = (
				A798D6B71A95004000BF5D22 /* Debug */,
				A798D6B81A95004000BF5D22 /* Release */,
			);
			defaultConfigurationIsVisible = 0;
		};
		A798D6B91A95004000BF5D22 /* Build configuration list for PBXNativeTarget "SwipesHelperTests" */ = {
			isa = XCConfigurationList;
			buildConfigurations = (
				A798D6BA1A95004000BF5D22 /* Debug */,
				A798D6BB1A95004000BF5D22 /* Release */,
			);
			defaultConfigurationIsVisible = 0;
		};
/* End XCConfigurationList section */
	};
	rootObject = A798D6911A95004000BF5D22 /* Project object */;
}
